
Microsoft Visual Studio Solution File, Format Version 12.00
# Visual Studio 15
VisualStudioVersion = 15.0.28307.757
MinimumVisualStudioVersion = 10.0.40219.1
Project("{9A19103F-16F7-4668-BE54-9A1E7A4F7556}") = "CoverletIssueRaiser", "CoverletIssueRaiser\CoverletIssueRaiser.csproj", "{4CCE6F1A-7EC7-4400-920B-14A31DBE5133}"
EndProject
Project("{9A19103F-16F7-4668-BE54-9A1E7A4F7556}") = "ApiTests", "ApiTests\ApiTests.csproj", "{37CB1BD1-82E8-4614-AE81-73947FA65E61}"
EndProject
Global
	GlobalSection(SolutionConfigurationPlatforms) = preSolution
		Debug|Any CPU = Debug|Any CPU
		Release|Any CPU = Release|Any CPU
	EndGlobalSection
	GlobalSection(ProjectConfigurationPlatforms) = postSolution
		{4CCE6F1A-7EC7-4400-920B-14A31DBE5133}.Debug|Any CPU.ActiveCfg = Debug|Any CPU
		{4CCE6F1A-7EC7-4400-920B-14A31DBE5133}.Debug|Any CPU.Build.0 = Debug|Any CPU
		{4CCE6F1A-7EC7-4400-920B-14A31DBE5133}.Release|Any CPU.ActiveCfg = Release|Any CPU
		{4CCE6F1A-7EC7-4400-920B-14A31DBE5133}.Release|Any CPU.Build.0 = Release|Any CPU
		{37CB1BD1-82E8-4614-AE81-73947FA65E61}.Debug|Any CPU.ActiveCfg = Debug|Any CPU
		{37CB1BD1-82E8-4614-AE81-73947FA65E61}.Debug|Any CPU.Build.0 = Debug|Any CPU
		{37CB1BD1-82E8-4614-AE81-73947FA65E61}.Release|Any CPU.ActiveCfg = Release|Any CPU
		{37CB1BD1-82E8-4614-AE81-73947FA65E61}.Release|Any CPU.Build.0 = Release|Any CPU
	EndGlobalSection
	GlobalSection(SolutionProperties) = preSolution
		HideSolutionNode = FALSE
	EndGlobalSection
	GlobalSection(ExtensibilityGlobals) = postSolution
		SolutionGuid = {1539DA76-97B2-4311-A498-732F99A15763}
	EndGlobalSection
EndGlobal
